
Microsoft Visual Studio Solution File, Format Version 12.00
# Visual Studio 14
VisualStudioVersion = 14.0.25420.1
MinimumVisualStudioVersion = 10.0.40219.1
Project("{FAE04EC0-301F-11D3-BF4B-00C04F79EFBC}") = "SimpleWebScraper", "SimpleWebScraper.csproj", "{F7BAE1B5-A561-412A-92F1-B8A550674C76}"
EndProject
Project("{FAE04EC0-301F-11D3-BF4B-00C04F79EFBC}") = "SimpleWebScraper.Test.Unit", "SimpleWebScraper.Test.Unit\SimpleWebScraper.Test.Unit.csproj", "{BFB5A05F-6EAD-4EDF-9836-0FB8ECC836E1}"
EndProject
Global
	GlobalSection(SolutionConfigurationPlatforms) = preSolution
		Debug|Any CPU = Debug|Any CPU
		Release|Any CPU = Release|Any CPU
	EndGlobalSection
	GlobalSection(ProjectConfigurationPlatforms) = postSolution
		{F7BAE1B5-A561-412A-92F1-B8A550674C76}.Debug|Any CPU.ActiveCfg = Debug|Any CPU
		{F7BAE1B5-A561-412A-92F1-B8A550674C76}.Debug|Any CPU.Build.0 = Debug|Any CPU
		{F7BAE1B5-A561-412A-92F1-B8A550674C76}.Release|Any CPU.ActiveCfg = Release|Any CPU
		{F7BAE1B5-A561-412A-92F1-B8A550674C76}.Release|Any CPU.Build.0 = Release|Any CPU
		{BFB5A05F-6EAD-4EDF-9836-0FB8ECC836E1}.Debug|Any CPU.ActiveCfg = Debug|Any CPU
		{BFB5A05F-6EAD-4EDF-9836-0FB8ECC836E1}.Debug|Any CPU.Build.0 = Debug|Any CPU
		{BFB5A05F-6EAD-4EDF-9836-0FB8ECC836E1}.Release|Any CPU.ActiveCfg = Release|Any CPU
		{BFB5A05F-6EAD-4EDF-9836-0FB8ECC836E1}.Release|Any CPU.Build.0 = Release|Any CPU
	EndGlobalSection
	GlobalSection(SolutionProperties) = preSolution
		HideSolutionNode = FALSE
	EndGlobalSection
EndGlobal
